
Microsoft Visual Studio Solution File, Format Version 12.00
# Visual Studio Version 16
VisualStudioVersion = 16.0.32901.82
MinimumVisualStudioVersion = 10.0.40219.1
Project("{FAE04EC0-301F-11D3-BF4B-00C04F79EFBC}") = "Currency_converter", "Currency_converter\Currency_converter.csproj", "{DDFB3EC1-0B26-4344-A378-8D4551BF9C9B}"
EndProject
Project("{9A19103F-16F7-4668-BE54-9A1E7A4F7556}") = "Classes_basic_task", "..\Classes_basic_task\Classes_basic_task.csproj", "{47BBF14C-B58A-4E72-9206-70BEED1DEF88}"
EndProject
Global
	GlobalSection(SolutionConfigurationPlatforms) = preSolution
		Debug|Any CPU = Debug|Any CPU
		Release|Any CPU = Release|Any CPU
	EndGlobalSection
	GlobalSection(ProjectConfigurationPlatforms) = postSolution
		{DDFB3EC1-0B26-4344-A378-8D4551BF9C9B}.Debug|Any CPU.ActiveCfg = Debug|Any CPU
		{DDFB3EC1-0B26-4344-A378-8D4551BF9C9B}.Debug|Any CPU.Build.0 = Debug|Any CPU
		{DDFB3EC1-0B26-4344-A378-8D4551BF9C9B}.Release|Any CPU.ActiveCfg = Release|Any CPU
		{DDFB3EC1-0B26-4344-A378-8D4551BF9C9B}.Release|Any CPU.Build.0 = Release|Any CPU
		{47BBF14C-B58A-4E72-9206-70BEED1DEF88}.Debug|Any CPU.ActiveCfg = Debug|Any CPU
		{47BBF14C-B58A-4E72-9206-70BEED1DEF88}.Debug|Any CPU.Build.0 = Debug|Any CPU
		{47BBF14C-B58A-4E72-9206-70BEED1DEF88}.Release|Any CPU.ActiveCfg = Release|Any CPU
		{47BBF14C-B58A-4E72-9206-70BEED1DEF88}.Release|Any CPU.Build.0 = Release|Any CPU
	EndGlobalSection
	GlobalSection(SolutionProperties) = preSolution
		HideSolutionNode = FALSE
	EndGlobalSection
	GlobalSection(ExtensibilityGlobals) = postSolution
		SolutionGuid = {A56A76F1-6901-4D09-8A37-FFE419914C15}
	EndGlobalSection
EndGlobal
