
Microsoft Visual Studio Solution File, Format Version 12.00
# Visual Studio Version 16
VisualStudioVersion = 16.0.32901.82
MinimumVisualStudioVersion = 10.0.40219.1
Project("{FAE04EC0-301F-11D3-BF4B-00C04F79EFBC}") = "abstract_class_and_interface", "abstract_class_and_interface\abstract_class_and_interface.csproj", "{8A60E1E3-D68A-4E86-A6BD-A6A1A4C9A0E3}"
EndProject
Project("{FAE04EC0-301F-11D3-BF4B-00C04F79EFBC}") = "geogr_object_interface", "geogr_object_interface\geogr_object_interface.csproj", "{C9200307-FEDE-4D67-8399-F67FF12FDCB3}"
EndProject
Global
	GlobalSection(SolutionConfigurationPlatforms) = preSolution
		Debug|Any CPU = Debug|Any CPU
		Release|Any CPU = Release|Any CPU
	EndGlobalSection
	GlobalSection(ProjectConfigurationPlatforms) = postSolution
		{8A60E1E3-D68A-4E86-A6BD-A6A1A4C9A0E3}.Debug|Any CPU.ActiveCfg = Debug|Any CPU
		{8A60E1E3-D68A-4E86-A6BD-A6A1A4C9A0E3}.Debug|Any CPU.Build.0 = Debug|Any CPU
		{8A60E1E3-D68A-4E86-A6BD-A6A1A4C9A0E3}.Release|Any CPU.ActiveCfg = Release|Any CPU
		{8A60E1E3-D68A-4E86-A6BD-A6A1A4C9A0E3}.Release|Any CPU.Build.0 = Release|Any CPU
		{C9200307-FEDE-4D67-8399-F67FF12FDCB3}.Debug|Any CPU.ActiveCfg = Debug|Any CPU
		{C9200307-FEDE-4D67-8399-F67FF12FDCB3}.Debug|Any CPU.Build.0 = Debug|Any CPU
		{C9200307-FEDE-4D67-8399-F67FF12FDCB3}.Release|Any CPU.ActiveCfg = Release|Any CPU
		{C9200307-FEDE-4D67-8399-F67FF12FDCB3}.Release|Any CPU.Build.0 = Release|Any CPU
	EndGlobalSection
	GlobalSection(SolutionProperties) = preSolution
		HideSolutionNode = FALSE
	EndGlobalSection
	GlobalSection(ExtensibilityGlobals) = postSolution
		SolutionGuid = {E4DEA768-6296-4EC8-92FF-95AB130CB1A1}
	EndGlobalSection
EndGlobal
